
Microsoft Visual Studio Solution File, Format Version 12.00
# Visual Studio Version 16
VisualStudioVersion = 16.0.30413.136
MinimumVisualStudioVersion = 10.0.40219.1
Project("{9A19103F-16F7-4668-BE54-9A1E7A4F7556}") = "BackEnd", "BackEnd.csproj", "{61B91D83-87F4-4B36-A945-B37CC0A0B777}"
EndProject
Global
	GlobalSection(SolutionConfigurationPlatforms) = preSolution
		Debug|Any CPU = Debug|Any CPU
		Release|Any CPU = Release|Any CPU
	EndGlobalSection
	GlobalSection(ProjectConfigurationPlatforms) = postSolution
		{61B91D83-87F4-4B36-A945-B37CC0A0B777}.Debug|Any CPU.ActiveCfg = Debug|Any CPU
		{61B91D83-87F4-4B36-A945-B37CC0A0B777}.Debug|Any CPU.Build.0 = Debug|Any CPU
		{61B91D83-87F4-4B36-A945-B37CC0A0B777}.Release|Any CPU.ActiveCfg = Release|Any CPU
		{61B91D83-87F4-4B36-A945-B37CC0A0B777}.Release|Any CPU.Build.0 = Release|Any CPU
	EndGlobalSection
	GlobalSection(SolutionProperties) = preSolution
		HideSolutionNode = FALSE
	EndGlobalSection
	GlobalSection(ExtensibilityGlobals) = postSolution
		SolutionGuid = {305FE1DD-2FFC-4F74-8158-911D6F362AC6}
	EndGlobalSection
EndGlobal
